
Microsoft Visual Studio Solution File, Format Version 12.00
# Visual Studio Version 17
VisualStudioVersion = 17.14.36203.30
MinimumVisualStudioVersion = 10.0.40219.1
Project("{FAE04EC0-301F-11D3-BF4B-00C04F79EFBC}") = "TepebasiBilgiSistemi.Core", "TepebasiBilgiSistemi.Core\TepebasiBilgiSistemi.Core.csproj", "{32153499-C1DD-4571-896C-464621B03F7B}"
EndProject
Project("{FAE04EC0-301F-11D3-BF4B-00C04F79EFBC}") = "TepebasiBilgiSistemi.Entities", "TepebasiBilgiSistemi.Entities\TepebasiBilgiSistemi.Entities.csproj", "{A6D0A5D9-8D7F-49EE-BA54-CCE69D1186FB}"
EndProject
Project("{FAE04EC0-301F-11D3-BF4B-00C04F79EFBC}") = "TepebasiBilgiSistemi.DataAccess", "TepebasiBilgiSistemi.DataAccess\TepebasiBilgiSistemi.DataAccess.csproj", "{9ED7BCE2-E7D6-4931-8DA6-9AC37FAEF6A2}"
EndProject
Project("{FAE04EC0-301F-11D3-BF4B-00C04F79EFBC}") = "TepebasiBilgiSistemi.Business", "TepebasiBilgiSistemi.Business\TepebasiBilgiSistemi.Business.csproj", "{ED7207A9-5481-49CD-8D00-473D33D4AFFD}"
EndProject
Project("{FAE04EC0-301F-11D3-BF4B-00C04F79EFBC}") = "TepebasiBilgiSistemi.WebUI", "TepebasiBilgiSistemi.WebUI\TepebasiBilgiSistemi.WebUI.csproj", "{71905D62-8B53-48C0-9517-A59F2DF5644E}"
EndProject
Global
	GlobalSection(SolutionConfigurationPlatforms) = preSolution
		Debug|Any CPU = Debug|Any CPU
		Release|Any CPU = Release|Any CPU
	EndGlobalSection
	GlobalSection(ProjectConfigurationPlatforms) = postSolution
		{32153499-C1DD-4571-896C-464621B03F7B}.Debug|Any CPU.ActiveCfg = Debug|Any CPU
		{32153499-C1DD-4571-896C-464621B03F7B}.Debug|Any CPU.Build.0 = Debug|Any CPU
		{32153499-C1DD-4571-896C-464621B03F7B}.Release|Any CPU.ActiveCfg = Release|Any CPU
		{32153499-C1DD-4571-896C-464621B03F7B}.Release|Any CPU.Build.0 = Release|Any CPU
		{A6D0A5D9-8D7F-49EE-BA54-CCE69D1186FB}.Debug|Any CPU.ActiveCfg = Debug|Any CPU
		{A6D0A5D9-8D7F-49EE-BA54-CCE69D1186FB}.Debug|Any CPU.Build.0 = Debug|Any CPU
		{A6D0A5D9-8D7F-49EE-BA54-CCE69D1186FB}.Release|Any CPU.ActiveCfg = Release|Any CPU
		{A6D0A5D9-8D7F-49EE-BA54-CCE69D1186FB}.Release|Any CPU.Build.0 = Release|Any CPU
		{9ED7BCE2-E7D6-4931-8DA6-9AC37FAEF6A2}.Debug|Any CPU.ActiveCfg = Debug|Any CPU
		{9ED7BCE2-E7D6-4931-8DA6-9AC37FAEF6A2}.Debug|Any CPU.Build.0 = Debug|Any CPU
		{9ED7BCE2-E7D6-4931-8DA6-9AC37FAEF6A2}.Release|Any CPU.ActiveCfg = Release|Any CPU
		{9ED7BCE2-E7D6-4931-8DA6-9AC37FAEF6A2}.Release|Any CPU.Build.0 = Release|Any CPU
		{ED7207A9-5481-49CD-8D00-473D33D4AFFD}.Debug|Any CPU.ActiveCfg = Debug|Any CPU
		{ED7207A9-5481-49CD-8D00-473D33D4AFFD}.Debug|Any CPU.Build.0 = Debug|Any CPU
		{ED7207A9-5481-49CD-8D00-473D33D4AFFD}.Release|Any CPU.ActiveCfg = Release|Any CPU
		{ED7207A9-5481-49CD-8D00-473D33D4AFFD}.Release|Any CPU.Build.0 = Release|Any CPU
		{71905D62-8B53-48C0-9517-A59F2DF5644E}.Debug|Any CPU.ActiveCfg = Debug|Any CPU
		{71905D62-8B53-48C0-9517-A59F2DF5644E}.Debug|Any CPU.Build.0 = Debug|Any CPU
		{71905D62-8B53-48C0-9517-A59F2DF5644E}.Release|Any CPU.ActiveCfg = Release|Any CPU
		{71905D62-8B53-48C0-9517-A59F2DF5644E}.Release|Any CPU.Build.0 = Release|Any CPU
	EndGlobalSection
	GlobalSection(SolutionProperties) = preSolution
		HideSolutionNode = FALSE
	EndGlobalSection
	GlobalSection(ExtensibilityGlobals) = postSolution
		SolutionGuid = {C7207C02-E609-4929-A106-01D1DF1B3C33}
	EndGlobalSection
EndGlobal
